
Microsoft Visual Studio Solution File, Format Version 12.00
# Visual Studio Version 16
VisualStudioVersion = 16.0.29001.49
MinimumVisualStudioVersion = 10.0.40219.1
Project("{FAE04EC0-301F-11D3-BF4B-00C04F79EFBC}") = "Sistema_FOD", "Sistema_FOD.csproj", "{64460F55-5DEA-49D9-B8A9-24AA7A2558FB}"
EndProject
Global
	GlobalSection(SolutionConfigurationPlatforms) = preSolution
		Debug|Any CPU = Debug|Any CPU
		Release|Any CPU = Release|Any CPU
	EndGlobalSection
	GlobalSection(ProjectConfigurationPlatforms) = postSolution
		{64460F55-5DEA-49D9-B8A9-24AA7A2558FB}.Debug|Any CPU.ActiveCfg = Debug|Any CPU
		{64460F55-5DEA-49D9-B8A9-24AA7A2558FB}.Debug|Any CPU.Build.0 = Debug|Any CPU
		{64460F55-5DEA-49D9-B8A9-24AA7A2558FB}.Release|Any CPU.ActiveCfg = Release|Any CPU
		{64460F55-5DEA-49D9-B8A9-24AA7A2558FB}.Release|Any CPU.Build.0 = Release|Any CPU
	EndGlobalSection
	GlobalSection(SolutionProperties) = preSolution
		HideSolutionNode = FALSE
	EndGlobalSection
	GlobalSection(ExtensibilityGlobals) = postSolution
		SolutionGuid = {76C27A00-A6A3-45AF-9B37-3D42D5DAA024}
	EndGlobalSection
EndGlobal
